github.com/alitto/pond v1.4.0 h1:tTkN+6edFsWXIxIwpUj5ouSQgj5BPhN6K61+UTlFocU=
github.com/alitto/pond v1.4.0/go.mod h1:VkhnWZhFBtkzZgpjXEyQ4Skyf8nfcGXsZ7PTklN29a4=
github.com/asaskevich/govalidator v0.0.0-20200907205600-7a23bdc65eef h1:46PFijGLmAjMPwCCCo7Jf0W6f9slllCkkv7vyc1yOSg=
github.com/asaskevich/govalidator v0.0.0-20200907205600-7a23bdc65eef/go.mod h1:WaHUgvxTVq04UNunO+XhnAqY/wQc+bxr74GqbsZ/Jqw=
github.com/davecgh/go-spew v1.1.1/go.mod h1:J7Y8YcW2NihsgmVo/mv3lAwl/skON4iLHjSsI+c5H38=
github.com/google/go-cmp v0.2.0/go.mod h1:oXzfMopK8JAjlY9xF4vHSVASa0yLyX7SntLO5aqRK0M=
github.com/influxdata/go-syslog v1.0.1 h1:a/ARpnCDr/sX/hVH7dyQVi+COXlEzM4bNIoolOfw99Y=
github.com/influxdata/go-syslog/v2 v2.0.1 h1:l44S4l4Q8MhGQcoOxJpbo+QQYxJqp0vdgIVHh4+DO0s=
github.com/influxdata/go-syslog/v2 v2.0.1/go.mod h1:hjvie1UTaD5E1fTnDmxaCw8RRDrT4Ve+XHr5O2dKSCo=
github.com/leodido/ragel-machinery v0.0.0-20181214104525-299bdde78165/go.mod h1:WZxr2/6a/Ar9bMDc2rN/LJrE/hF6bXE4LPyDSIxwAfg=
github.com/pmezard/go-difflib v1.0.0/go.mod h1:iKH77koFhYxTK1pcRnkKkqfTogsbg7gZNVY4sRDYZ/4=
github.com/stretchr/testify v1.2.2/go.mod h1:a8OnRcib4nhh0OaRAV+Yts87kKdq0PP7pXfy6kDkUVs=
go.uber.org/ratelimit v0.1.0 h1:U2AruXqeTb4Eh9sYQSTrMhH8Cb7M0Ian2ibBOnBcnAw=
go.uber.org/ratelimit v0.1.0/go.mod h1:2X8KaoNd1J0lZV+PxJk/5+DGbO/tpwLR1m++a7FnB/Y=
golang.org/x/time v0.0.0-20200630173020-3af7569d3a1e h1:EHBhcS0mlXEAVwNyO2dLfjToGsyY4j24pTs2ScHnX7s=
golang.org/x/time v0.0.0-20200630173020-3af7569d3a1e/go.mod h1:tRJNPiyCQ0inRvYxbN9jk5I+vvW/OXSQhTDSoE431IQ=
